
Microsoft Visual Studio Solution File, Format Version 12.00
# Visual Studio Version 17
VisualStudioVersion = 17.10.35027.167
MinimumVisualStudioVersion = 10.0.40219.1
Project("{FAE04EC0-301F-11D3-BF4B-00C04F79EFBC}") = "ImAdjustr", "ImAdjustr.csproj", "{A07055C6-9331-4150-8F4B-8F5FB1EA8FDE}"
EndProject
Global
	GlobalSection(SolutionConfigurationPlatforms) = preSolution
		Debug|Any CPU = Debug|Any CPU
		Release|Any CPU = Release|Any CPU
	EndGlobalSection
	GlobalSection(ProjectConfigurationPlatforms) = postSolution
		{A07055C6-9331-4150-8F4B-8F5FB1EA8FDE}.Debug|Any CPU.ActiveCfg = Debug|Any CPU
		{A07055C6-9331-4150-8F4B-8F5FB1EA8FDE}.Debug|Any CPU.Build.0 = Debug|Any CPU
		{A07055C6-9331-4150-8F4B-8F5FB1EA8FDE}.Release|Any CPU.ActiveCfg = Release|Any CPU
		{A07055C6-9331-4150-8F4B-8F5FB1EA8FDE}.Release|Any CPU.Build.0 = Release|Any CPU
	EndGlobalSection
	GlobalSection(SolutionProperties) = preSolution
		HideSolutionNode = FALSE
	EndGlobalSection
	GlobalSection(ExtensibilityGlobals) = postSolution
		SolutionGuid = {5F1F5CB0-2483-4326-A4C2-697E56F0F58C}
	EndGlobalSection
EndGlobal
